
Microsoft Visual Studio Solution File, Format Version 12.00
# Visual Studio Version 16
VisualStudioVersion = 16.0.30011.22
MinimumVisualStudioVersion = 10.0.40219.1
Project("{8BC9CEB8-8B4A-11D0-8D11-00A0C91BC942}") = "OpenGL2DWin32", "OpenGL2DWin32.vcxproj", "{372A7F84-B8D1-4FA1-AE2A-53B6A7C14CA3}"
EndProject
Global
	GlobalSection(SolutionConfigurationPlatforms) = preSolution
		Debug|x64 = Debug|x64
		Release|x64 = Release|x64
	EndGlobalSection
	GlobalSection(ProjectConfigurationPlatforms) = postSolution
		{372A7F84-B8D1-4FA1-AE2A-53B6A7C14CA3}.Debug|x64.ActiveCfg = Debug|x64
		{372A7F84-B8D1-4FA1-AE2A-53B6A7C14CA3}.Debug|x64.Build.0 = Debug|x64
		{372A7F84-B8D1-4FA1-AE2A-53B6A7C14CA3}.Release|x64.ActiveCfg = Release|x64
		{372A7F84-B8D1-4FA1-AE2A-53B6A7C14CA3}.Release|x64.Build.0 = Release|x64
	EndGlobalSection
	GlobalSection(SolutionProperties) = preSolution
		HideSolutionNode = FALSE
	EndGlobalSection
	GlobalSection(ExtensibilityGlobals) = postSolution
		SolutionGuid = {FB09D63A-F2AB-4AFA-892E-D0A8AA92DD4B}
	EndGlobalSection
EndGlobal
